{
  "object": {
    "pins": [
      {
        "package": "Logger",
        "repositoryURL": "https://github.com/shibapm/Logger",
        "state": {
          "branch": null,
          "revision": "53c3ecca5abe8cf46697e33901ee774236d94cce",
          "version": "0.2.3"
        }
      },
      {
        "package": "OctoKit",
        "repositoryURL": "https://github.com/nerdishbynature/octokit.swift",
        "state": {
          "branch": null,
          "revision": "cd108b387782d8509e64e298cf4800dc47fc40ae",
          "version": "0.14.0"
        }
      },
      {
        "package": "RequestKit",
        "repositoryURL": "https://github.com/nerdishbynature/RequestKit.git",
        "state": {
          "branch": null,
          "revision": "9d45c9aacc1d46c87def44dd120d9c71dab3c788",
          "version": "3.4.0"
        }
      },
      {
        "package": "danger-swift",
        "repositoryURL": "https://github.com/danger/swift.git",
        "state": {
          "branch": null,
          "revision": "7e8c7bb1381bbd6eed47a0c7d20275fedc8645aa",
          "version": "3.20.0"
        }
      },
      {
        "package": "Version",
        "repositoryURL": "https://github.com/mxcl/Version",
        "state": {
          "branch": null,
          "revision": "3043fcd2a50375db76d89ff206a612471833d1c2",
          "version": "2.2.1"
        }
      }
    ]
  },
  "version": 1
}
